<?xml version="1.0" encoding="UTF-8" standalone="yes" ?>
<CodeBlocks_project_file>
	<FileVersion major="1" minor="6" />
	<Project>
		<Option title="ProyectoBuqueInsignia" />
		<Option pch_mode="2" />
		<Option compiler="gcc" />
		<Build>
			<Target title="Debug">
				<Option output="bin/Debug/ProyectoBuqueInsignia" prefix_auto="1" extension_auto="1" />
				<Option object_output="obj/Debug/" />
				<Option type="1" />
				<Option compiler="gcc" />
				<Compiler>
					<Add option="-g" />
				</Compiler>
			</Target>
			<Target title="Release">
				<Option output="bin/Release/ProyectoBuqueInsignia" prefix_auto="1" extension_auto="1" />
				<Option object_output="obj/Release/" />
				<Option type="1" />
				<Option compiler="gcc" />
				<Compiler>
					<Add option="-O2" />
				</Compiler>
				<Linker>
					<Add option="-s" />
				</Linker>
			</Target>
		</Build>
		<Compiler>
			<Add option="-Wall" />
		</Compiler>
		<Unit filename="../Matriz.h" />
		<Unit filename="../estructuras.c">
			<Option compilerVar="CC" />
		</Unit>
		<Unit filename="../estructuras.h" />
		<Unit filename="../funcionesModoBatalla.c">
			<Option compilerVar="CC" />
		</Unit>
		<Unit filename="../funcionesModoBatalla.h" />
		<Unit filename="../funcionesTexto.c">
			<Option compilerVar="CC" />
		</Unit>
		<Unit filename="../funcionesTexto.h" />
		<Unit filename="../menu_principal.c">
			<Option compilerVar="CC" />
		</Unit>
		<Unit filename="desbloqueables.csv" />
		<Unit filename="estadisticas.csv" />
		<Unit filename="puntuacionTotal.csv" />
		<Extensions />
	</Project>
</CodeBlocks_project_file>
